
Microsoft Visual Studio Solution File, Format Version 11.00
# Visual Studio 2010
Project("{FAE04EC0-301F-11D3-BF4B-00C04F79EFBC}") = "JamGame", "JamGame.csproj", "{61D4A517-A081-433E-B68B-3E7A36A56039}"
EndProject
Project("{FAE04EC0-301F-11D3-BF4B-00C04F79EFBC}") = "Farseer Physics XNA", "..\..\Farseer Physics Engine 3.5\Farseer Physics XNA.csproj", "{0A850700-1ABB-4288-A391-6726B90EBEB9}"
EndProject
Project("{FAE04EC0-301F-11D3-BF4B-00C04F79EFBC}") = "BrashMonkeySpriter", "..\..\xnaBrashSpriter\BrashMonkeySpriter\BrashMonkeySpriter.csproj", "{ED000F2E-4CFF-432F-9FAD-BA08ECB05D7D}"
EndProject
Global
	GlobalSection(SolutionConfigurationPlatforms) = preSolution
		Debug|x86 = Debug|x86
		Release|x86 = Release|x86
	EndGlobalSection
	GlobalSection(ProjectConfigurationPlatforms) = postSolution
		{61D4A517-A081-433E-B68B-3E7A36A56039}.Debug|x86.ActiveCfg = Debug|x86
		{61D4A517-A081-433E-B68B-3E7A36A56039}.Debug|x86.Build.0 = Debug|x86
		{61D4A517-A081-433E-B68B-3E7A36A56039}.Release|x86.ActiveCfg = Release|x86
		{61D4A517-A081-433E-B68B-3E7A36A56039}.Release|x86.Build.0 = Release|x86
		{0A850700-1ABB-4288-A391-6726B90EBEB9}.Debug|x86.ActiveCfg = Debug|x86
		{0A850700-1ABB-4288-A391-6726B90EBEB9}.Debug|x86.Build.0 = Debug|x86
		{0A850700-1ABB-4288-A391-6726B90EBEB9}.Release|x86.ActiveCfg = Release|x86
		{0A850700-1ABB-4288-A391-6726B90EBEB9}.Release|x86.Build.0 = Release|x86
		{ED000F2E-4CFF-432F-9FAD-BA08ECB05D7D}.Debug|x86.ActiveCfg = Debug|x86
		{ED000F2E-4CFF-432F-9FAD-BA08ECB05D7D}.Debug|x86.Build.0 = Debug|x86
		{ED000F2E-4CFF-432F-9FAD-BA08ECB05D7D}.Release|x86.ActiveCfg = Release|x86
		{ED000F2E-4CFF-432F-9FAD-BA08ECB05D7D}.Release|x86.Build.0 = Release|x86
	EndGlobalSection
	GlobalSection(SolutionProperties) = preSolution
		HideSolutionNode = FALSE
	EndGlobalSection
EndGlobal
